
Microsoft Visual Studio Solution File, Format Version 12.00
# Visual Studio Version 16
VisualStudioVersion = 25.0.1703.6
MinimumVisualStudioVersion = 10.0.40219.1
Project("{FAE04EC0-301F-11D3-BF4B-00C04F79EFBC}") = "RandomNumberBackend", "RandomNumberBackend\RandomNumberBackend.csproj", "{95F163A8-3B6B-4FFE-A666-EC06C67BC125}"
EndProject
Global
	GlobalSection(SolutionConfigurationPlatforms) = preSolution
		Debug|Any CPU = Debug|Any CPU
		Release|Any CPU = Release|Any CPU
	EndGlobalSection
	GlobalSection(ProjectConfigurationPlatforms) = postSolution
		{95F163A8-3B6B-4FFE-A666-EC06C67BC125}.Debug|Any CPU.ActiveCfg = Debug|Any CPU
		{95F163A8-3B6B-4FFE-A666-EC06C67BC125}.Debug|Any CPU.Build.0 = Debug|Any CPU
		{95F163A8-3B6B-4FFE-A666-EC06C67BC125}.Release|Any CPU.ActiveCfg = Release|Any CPU
		{95F163A8-3B6B-4FFE-A666-EC06C67BC125}.Release|Any CPU.Build.0 = Release|Any CPU
	EndGlobalSection
	GlobalSection(SolutionProperties) = preSolution
		HideSolutionNode = FALSE
	EndGlobalSection
	GlobalSection(ExtensibilityGlobals) = postSolution
		SolutionGuid = {7AF95440-48A0-4836-B89F-435EBAD698E7}
	EndGlobalSection
EndGlobal
